
Microsoft Visual Studio Solution File, Format Version 12.00
Project("{FAE04EC0-301F-11D3-BF4B-00C04F79EFBC}") = "Tatum.CSharp.Ethereum", "Tatum.CSharp.Ethereum\Tatum.CSharp.Ethereum.csproj", "{ABCD840B-4C50-471F-84C2-1EB3D76DE972}"
EndProject
Project("{FAE04EC0-301F-11D3-BF4B-00C04F79EFBC}") = "Tatum.CSharp.Ethereum.Tests.Integration", "Tatum.CSharp.Ethereum.Tests.Integration\Tatum.CSharp.Ethereum.Tests.Integration.csproj", "{DE2C61B6-3F2F-4E40-BC7E-75E655F7E108}"
EndProject
Project("{FAE04EC0-301F-11D3-BF4B-00C04F79EFBC}") = "Tatum.CSharp.Demo", "Tatum.CSharp.Demo\Tatum.CSharp.Demo.csproj", "{4DC3D93E-D5EC-4113-823C-C32C4307EF6B}"
EndProject
Project("{FAE04EC0-301F-11D3-BF4B-00C04F79EFBC}") = "Tatum.CSharp.Local.Evm", "Tatum.CSharp.Local.Evm\Tatum.CSharp.Local.Evm.csproj", "{25C3D8C1-02F7-4A9B-8CDE-6166001C523B}"
EndProject
Global
	GlobalSection(SolutionConfigurationPlatforms) = preSolution
		Debug|Any CPU = Debug|Any CPU
		Release|Any CPU = Release|Any CPU
	EndGlobalSection
	GlobalSection(ProjectConfigurationPlatforms) = postSolution
		{ABCD840B-4C50-471F-84C2-1EB3D76DE972}.Debug|Any CPU.ActiveCfg = Debug|Any CPU
		{ABCD840B-4C50-471F-84C2-1EB3D76DE972}.Debug|Any CPU.Build.0 = Debug|Any CPU
		{ABCD840B-4C50-471F-84C2-1EB3D76DE972}.Release|Any CPU.ActiveCfg = Release|Any CPU
		{ABCD840B-4C50-471F-84C2-1EB3D76DE972}.Release|Any CPU.Build.0 = Release|Any CPU
		{DE2C61B6-3F2F-4E40-BC7E-75E655F7E108}.Debug|Any CPU.ActiveCfg = Debug|Any CPU
		{DE2C61B6-3F2F-4E40-BC7E-75E655F7E108}.Debug|Any CPU.Build.0 = Debug|Any CPU
		{DE2C61B6-3F2F-4E40-BC7E-75E655F7E108}.Release|Any CPU.ActiveCfg = Release|Any CPU
		{DE2C61B6-3F2F-4E40-BC7E-75E655F7E108}.Release|Any CPU.Build.0 = Release|Any CPU
		{4DC3D93E-D5EC-4113-823C-C32C4307EF6B}.Debug|Any CPU.ActiveCfg = Debug|Any CPU
		{4DC3D93E-D5EC-4113-823C-C32C4307EF6B}.Debug|Any CPU.Build.0 = Debug|Any CPU
		{4DC3D93E-D5EC-4113-823C-C32C4307EF6B}.Release|Any CPU.ActiveCfg = Release|Any CPU
		{4DC3D93E-D5EC-4113-823C-C32C4307EF6B}.Release|Any CPU.Build.0 = Release|Any CPU
		{25C3D8C1-02F7-4A9B-8CDE-6166001C523B}.Debug|Any CPU.ActiveCfg = Debug|Any CPU
		{25C3D8C1-02F7-4A9B-8CDE-6166001C523B}.Debug|Any CPU.Build.0 = Debug|Any CPU
		{25C3D8C1-02F7-4A9B-8CDE-6166001C523B}.Release|Any CPU.ActiveCfg = Release|Any CPU
		{25C3D8C1-02F7-4A9B-8CDE-6166001C523B}.Release|Any CPU.Build.0 = Release|Any CPU
	EndGlobalSection
EndGlobal
